{
  "name": "nacl-skill-tools-ab",
  "version": "0.0.0",
  "lockfileVersion": 3,
  "requires": true,
  "packages": {
    "": {
      "name": "nacl-skill-tools-ab",
      "version": "0.0.0",
      "dependencies": {
        "itsalt-pinch": "^0.1.3"
      }
    },
    "node_modules/itsalt-pinch": {
      "version": "0.1.3",
      "resolved": "https://registry.npmjs.org/itsalt-pinch/-/itsalt-pinch-0.1.3.tgz",
      "integrity": "sha512-OlkdRmF0V/HTYd7/PM0O0KAOKLGY/581omgsb0O4r0zJ5HBFoxreb+asyjNG8+R+6x4EprLgi5l+vTBt0X2jeQ==",
      "license": "MIT",
      "engines": {
        "node": ">=20.0.0"
      }
    }
  }
}
